
Microsoft Visual Studio Solution File, Format Version 12.00
# Visual Studio Version 16
VisualStudioVersion = 16.0.31424.327
MinimumVisualStudioVersion = 10.0.40219.1
Project("{FAE04EC0-301F-11D3-BF4B-00C04F79EFBC}") = "KP.WeAre8.API", "KP.WeAre8.API\KP.WeAre8.API.csproj", "{584358D3-E93D-4E1A-A2A5-25188C4F5C31}"
	ProjectSection(ProjectDependencies) = postProject
		{41B4CF0C-E299-409E-995D-0207FCB0AF00} = {41B4CF0C-E299-409E-995D-0207FCB0AF00}
	EndProjectSection
EndProject
Project("{FAE04EC0-301F-11D3-BF4B-00C04F79EFBC}") = "KP.WeAre8.Core", "KP.WeAre8.Core\KP.WeAre8.Core.csproj", "{41B4CF0C-E299-409E-995D-0207FCB0AF00}"
EndProject
Global
	GlobalSection(SolutionConfigurationPlatforms) = preSolution
		Debug|Any CPU = Debug|Any CPU
		Release|Any CPU = Release|Any CPU
	EndGlobalSection
	GlobalSection(ProjectConfigurationPlatforms) = postSolution
		{584358D3-E93D-4E1A-A2A5-25188C4F5C31}.Debug|Any CPU.ActiveCfg = Debug|Any CPU
		{584358D3-E93D-4E1A-A2A5-25188C4F5C31}.Debug|Any CPU.Build.0 = Debug|Any CPU
		{584358D3-E93D-4E1A-A2A5-25188C4F5C31}.Release|Any CPU.ActiveCfg = Release|Any CPU
		{584358D3-E93D-4E1A-A2A5-25188C4F5C31}.Release|Any CPU.Build.0 = Release|Any CPU
		{41B4CF0C-E299-409E-995D-0207FCB0AF00}.Debug|Any CPU.ActiveCfg = Debug|Any CPU
		{41B4CF0C-E299-409E-995D-0207FCB0AF00}.Debug|Any CPU.Build.0 = Debug|Any CPU
		{41B4CF0C-E299-409E-995D-0207FCB0AF00}.Release|Any CPU.ActiveCfg = Release|Any CPU
		{41B4CF0C-E299-409E-995D-0207FCB0AF00}.Release|Any CPU.Build.0 = Release|Any CPU
	EndGlobalSection
	GlobalSection(SolutionProperties) = preSolution
		HideSolutionNode = FALSE
	EndGlobalSection
	GlobalSection(ExtensibilityGlobals) = postSolution
		SolutionGuid = {FDC0DCBF-E3BC-45F5-992C-CD0222FD2735}
	EndGlobalSection
EndGlobal
